// !$*UTF8*$!
{
	archiveVersion = 1;
	classes = {
	};
	objectVersion = 50;
	objects = {

/* Begin PBXBuildFile section */
		443BF53E226B032200AFE1C8 /* AppDelegate.swift in Sources */ = {isa = PBXBuildFile; fileRef = 443BF53D226B032200AFE1C8 /* AppDelegate.swift */; };
		443BF543226B032200AFE1C8 /* Main.storyboard in Resources */ = {isa = PBXBuildFile; fileRef = 443BF541226B032200AFE1C8 /* Main.storyboard */; };
		443BF545226B032300AFE1C8 /* Assets.xcassets in Resources */ = {isa = PBXBuildFile; fileRef = 443BF544226B032300AFE1C8 /* Assets.xcassets */; };
		443BF548226B032300AFE1C8 /* LaunchScreen.storyboard in Resources */ = {isa = PBXBuildFile; fileRef = 443BF546226B032300AFE1C8 /* LaunchScreen.storyboard */; };
		443BF553226B032400AFE1C8 /* WeatherForecastAppTests.swift in Sources */ = {isa = PBXBuildFile; fileRef = 443BF552226B032400AFE1C8 /* WeatherForecastAppTests.swift */; };
		443BF55E226B038F00AFE1C8 /* NameConstant.swift in Sources */ = {isa = PBXBuildFile; fileRef = 443BF55D226B038F00AFE1C8 /* NameConstant.swift */; };
		443BF560226B054000AFE1C8 /* HomeViewController.swift in Sources */ = {isa = PBXBuildFile; fileRef = 443BF55F226B054000AFE1C8 /* HomeViewController.swift */; };
		443BF591226B070D00AFE1C8 /* Wind.swift in Sources */ = {isa = PBXBuildFile; fileRef = 443BF588226B070D00AFE1C8 /* Wind.swift */; };
		443BF592226B070D00AFE1C8 /* Clouds.swift in Sources */ = {isa = PBXBuildFile; fileRef = 443BF589226B070D00AFE1C8 /* Clouds.swift */; };
		443BF593226B070D00AFE1C8 /* City.swift in Sources */ = {isa = PBXBuildFile; fileRef = 443BF58A226B070D00AFE1C8 /* City.swift */; };
		443BF594226B070D00AFE1C8 /* Json4Swift_Base.swift in Sources */ = {isa = PBXBuildFile; fileRef = 443BF58B226B070D00AFE1C8 /* Json4Swift_Base.swift */; };
		443BF595226B070D00AFE1C8 /* List.swift in Sources */ = {isa = PBXBuildFile; fileRef = 443BF58C226B070D00AFE1C8 /* List.swift */; };
		443BF596226B070D00AFE1C8 /* Weather.swift in Sources */ = {isa = PBXBuildFile; fileRef = 443BF58D226B070D00AFE1C8 /* Weather.swift */; };
		443BF597226B070D00AFE1C8 /* Main.swift in Sources */ = {isa = PBXBuildFile; fileRef = 443BF58E226B070D00AFE1C8 /* Main.swift */; };
		443BF598226B070D00AFE1C8 /* Coord.swift in Sources */ = {isa = PBXBuildFile; fileRef = 443BF58F226B070D00AFE1C8 /* Coord.swift */; };
		443BF599226B070D00AFE1C8 /* Sys.swift in Sources */ = {isa = PBXBuildFile; fileRef = 443BF590226B070D00AFE1C8 /* Sys.swift */; };
		443BF59B226DD9C700AFE1C8 /* ForecastedResultTableViewCell.swift in Sources */ = {isa = PBXBuildFile; fileRef = 443BF59A226DD9C700AFE1C8 /* ForecastedResultTableViewCell.swift */; };
		443BF59D226E0D2A00AFE1C8 /* DateConverter.swift in Sources */ = {isa = PBXBuildFile; fileRef = 443BF59C226E0D2A00AFE1C8 /* DateConverter.swift */; };
		443BF59F226E152700AFE1C8 /* DetailsViewController.swift in Sources */ = {isa = PBXBuildFile; fileRef = 443BF59E226E152700AFE1C8 /* DetailsViewController.swift */; };
/* End PBXBuildFile section */

/* Begin PBXContainerItemProxy section */
		443BF54F226B032400AFE1C8 /* PBXContainerItemProxy */ = {
			isa = PBXContainerItemProxy;
			containerPortal = 443BF532226B032200AFE1C8 /* Project object */;
			proxyType = 1;
			remoteGlobalIDString = 443BF539226B032200AFE1C8;
			remoteInfo = WeatherForecastApp;
		};
/* End PBXContainerItemProxy section */

/* Begin PBXFileReference section */
		443BF53A226B032200AFE1C8 /* WeatherForecastApp.app */ = {isa = PBXFileReference; explicitFileType = wrapper.application; includeInIndex = 0; path = WeatherForecastApp.app; sourceTree = BUILT_PRODUCTS_DIR; };
		443BF53D226B032200AFE1C8 /* AppDelegate.swift */ = {isa = PBXFileReference; lastKnownFileType = sourcecode.swift; path = AppDelegate.swift; sourceTree = "<group>"; };
		443BF542226B032200AFE1C8 /* Base */ = {isa = PBXFileReference; lastKnownFileType = file.storyboard; name = Base; path = Base.lproj/Main.storyboard; sourceTree = "<group>"; };
		443BF544226B032300AFE1C8 /* Assets.xcassets */ = {isa = PBXFileReference; lastKnownFileType = folder.assetcatalog; path = Assets.xcassets; sourceTree = "<group>"; };
		443BF547226B032300AFE1C8 /* Base */ = {isa = PBXFileReference; lastKnownFileType = file.storyboard; name = Base; path = Base.lproj/LaunchScreen.storyboard; sourceTree = "<group>"; };
		443BF549226B032300AFE1C8 /* Info.plist */ = {isa = PBXFileReference; lastKnownFileType = text.plist.xml; path = Info.plist; sourceTree = "<group>"; };
		443BF54E226B032400AFE1C8 /* WeatherForecastAppTests.xctest */ = {isa = PBXFileReference; explicitFileType = wrapper.cfbundle; includeInIndex = 0; path = WeatherForecastAppTests.xctest; sourceTree = BUILT_PRODUCTS_DIR; };
		443BF552226B032400AFE1C8 /* WeatherForecastAppTests.swift */ = {isa = PBXFileReference; lastKnownFileType = sourcecode.swift; path = WeatherForecastAppTests.swift; sourceTree = "<group>"; };
		443BF554226B032400AFE1C8 /* Info.plist */ = {isa = PBXFileReference; lastKnownFileType = text.plist.xml; path = Info.plist; sourceTree = "<group>"; };
		443BF55D226B038F00AFE1C8 /* NameConstant.swift */ = {isa = PBXFileReference; lastKnownFileType = sourcecode.swift; path = NameConstant.swift; sourceTree = "<group>"; };
		443BF55F226B054000AFE1C8 /* HomeViewController.swift */ = {isa = PBXFileReference; lastKnownFileType = sourcecode.swift; path = HomeViewController.swift; sourceTree = "<group>"; };
		443BF588226B070D00AFE1C8 /* Wind.swift */ = {isa = PBXFileReference; fileEncoding = 4; lastKnownFileType = sourcecode.swift; path = Wind.swift; sourceTree = "<group>"; };
		443BF589226B070D00AFE1C8 /* Clouds.swift */ = {isa = PBXFileReference; fileEncoding = 4; lastKnownFileType = sourcecode.swift; path = Clouds.swift; sourceTree = "<group>"; };
		443BF58A226B070D00AFE1C8 /* City.swift */ = {isa = PBXFileReference; fileEncoding = 4; lastKnownFileType = sourcecode.swift; path = City.swift; sourceTree = "<group>"; };
		443BF58B226B070D00AFE1C8 /* Json4Swift_Base.swift */ = {isa = PBXFileReference; fileEncoding = 4; lastKnownFileType = sourcecode.swift; path = Json4Swift_Base.swift; sourceTree = "<group>"; };
		443BF58C226B070D00AFE1C8 /* List.swift */ = {isa = PBXFileReference; fileEncoding = 4; lastKnownFileType = sourcecode.swift; path = List.swift; sourceTree = "<group>"; };
		443BF58D226B070D00AFE1C8 /* Weather.swift */ = {isa = PBXFileReference; fileEncoding = 4; lastKnownFileType = sourcecode.swift; path = Weather.swift; sourceTree = "<group>"; };
		443BF58E226B070D00AFE1C8 /* Main.swift */ = {isa = PBXFileReference; fileEncoding = 4; lastKnownFileType = sourcecode.swift; path = Main.swift; sourceTree = "<group>"; };
		443BF58F226B070D00AFE1C8 /* Coord.swift */ = {isa = PBXFileReference; fileEncoding = 4; lastKnownFileType = sourcecode.swift; path = Coord.swift; sourceTree = "<group>"; };
		443BF590226B070D00AFE1C8 /* Sys.swift */ = {isa = PBXFileReference; fileEncoding = 4; lastKnownFileType = sourcecode.swift; path = Sys.swift; sourceTree = "<group>"; };
		443BF59A226DD9C700AFE1C8 /* ForecastedResultTableViewCell.swift */ = {isa = PBXFileReference; lastKnownFileType = sourcecode.swift; path = ForecastedResultTableViewCell.swift; sourceTree = "<group>"; };
		443BF59C226E0D2A00AFE1C8 /* DateConverter.swift */ = {isa = PBXFileReference; lastKnownFileType = sourcecode.swift; path = DateConverter.swift; sourceTree = "<group>"; };
		443BF59E226E152700AFE1C8 /* DetailsViewController.swift */ = {isa = PBXFileReference; lastKnownFileType = sourcecode.swift; path = DetailsViewController.swift; sourceTree = "<group>"; };
/* End PBXFileReference section */

/* Begin PBXFrameworksBuildPhase section */
		443BF537226B032200AFE1C8 /* Frameworks */ = {
			isa = PBXFrameworksBuildPhase;
			buildActionMask = 2147483647;
			files = (
			);
			runOnlyForDeploymentPostprocessing = 0;
		};
		443BF54B226B032400AFE1C8 /* Frameworks */ = {
			isa = PBXFrameworksBuildPhase;
			buildActionMask = 2147483647;
			files = (
			);
			runOnlyForDeploymentPostprocessing = 0;
		};
/* End PBXFrameworksBuildPhase section */

/* Begin PBXGroup section */
		443BF531226B032200AFE1C8 = {
			isa = PBXGroup;
			children = (
				443BF53C226B032200AFE1C8 /* WeatherForecastApp */,
				443BF551226B032400AFE1C8 /* WeatherForecastAppTests */,
				443BF53B226B032200AFE1C8 /* Products */,
			);
			sourceTree = "<group>";
		};
		443BF53B226B032200AFE1C8 /* Products */ = {
			isa = PBXGroup;
			children = (
				443BF53A226B032200AFE1C8 /* WeatherForecastApp.app */,
				443BF54E226B032400AFE1C8 /* WeatherForecastAppTests.xctest */,
			);
			name = Products;
			sourceTree = "<group>";
		};
		443BF53C226B032200AFE1C8 /* WeatherForecastApp */ = {
			isa = PBXGroup;
			children = (
				443BF587226B070D00AFE1C8 /* Decodable */,
				443BF53D226B032200AFE1C8 /* AppDelegate.swift */,
				443BF541226B032200AFE1C8 /* Main.storyboard */,
				443BF544226B032300AFE1C8 /* Assets.xcassets */,
				443BF546226B032300AFE1C8 /* LaunchScreen.storyboard */,
				443BF549226B032300AFE1C8 /* Info.plist */,
				443BF55D226B038F00AFE1C8 /* NameConstant.swift */,
				443BF55F226B054000AFE1C8 /* HomeViewController.swift */,
				443BF59A226DD9C700AFE1C8 /* ForecastedResultTableViewCell.swift */,
				443BF59C226E0D2A00AFE1C8 /* DateConverter.swift */,
				443BF59E226E152700AFE1C8 /* DetailsViewController.swift */,
			);
			path = WeatherForecastApp;
			sourceTree = "<group>";
		};
		443BF551226B032400AFE1C8 /* WeatherForecastAppTests */ = {
			isa = PBXGroup;
			children = (
				443BF552226B032400AFE1C8 /* WeatherForecastAppTests.swift */,
				443BF554226B032400AFE1C8 /* Info.plist */,
			);
			path = WeatherForecastAppTests;
			sourceTree = "<group>";
		};
		443BF587226B070D00AFE1C8 /* Decodable */ = {
			isa = PBXGroup;
			children = (
				443BF588226B070D00AFE1C8 /* Wind.swift */,
				443BF589226B070D00AFE1C8 /* Clouds.swift */,
				443BF58A226B070D00AFE1C8 /* City.swift */,
				443BF58B226B070D00AFE1C8 /* Json4Swift_Base.swift */,
				443BF58C226B070D00AFE1C8 /* List.swift */,
				443BF58D226B070D00AFE1C8 /* Weather.swift */,
				443BF58E226B070D00AFE1C8 /* Main.swift */,
				443BF58F226B070D00AFE1C8 /* Coord.swift */,
				443BF590226B070D00AFE1C8 /* Sys.swift */,
			);
			path = Decodable;
			sourceTree = "<group>";
		};
/* End PBXGroup section */

/* Begin PBXNativeTarget section */
		443BF539226B032200AFE1C8 /* WeatherForecastApp */ = {
			isa = PBXNativeTarget;
			buildConfigurationList = 443BF557226B032400AFE1C8 /* Build configuration list for PBXNativeTarget "WeatherForecastApp" */;
			buildPhases = (
				443BF536226B032200AFE1C8 /* Sources */,
				443BF537226B032200AFE1C8 /* Frameworks */,
				443BF538226B032200AFE1C8 /* Resources */,
			);
			buildRules = (
			);
			dependencies = (
			);
			name = WeatherForecastApp;
			productName = WeatherForecastApp;
			productReference = 443BF53A226B032200AFE1C8 /* WeatherForecastApp.app */;
			productType = "com.apple.product-type.application";
		};
		443BF54D226B032400AFE1C8 /* WeatherForecastAppTests */ = {
			isa = PBXNativeTarget;
			buildConfigurationList = 443BF55A226B032400AFE1C8 /* Build configuration list for PBXNativeTarget "WeatherForecastAppTests" */;
			buildPhases = (
				443BF54A226B032400AFE1C8 /* Sources */,
				443BF54B226B032400AFE1C8 /* Frameworks */,
				443BF54C226B032400AFE1C8 /* Resources */,
			);
			buildRules = (
			);
			dependencies = (
				443BF550226B032400AFE1C8 /* PBXTargetDependency */,
			);
			name = WeatherForecastAppTests;
			productName = WeatherForecastAppTests;
			productReference = 443BF54E226B032400AFE1C8 /* WeatherForecastAppTests.xctest */;
			productType = "com.apple.product-type.bundle.unit-test";
		};
/* End PBXNativeTarget section */

/* Begin PBXProject section */
		443BF532226B032200AFE1C8 /* Project object */ = {
			isa = PBXProject;
			attributes = {
				LastSwiftUpdateCheck = 1020;
				LastUpgradeCheck = 1020;
				ORGANIZATIONNAME = "Jacky Wong";
				TargetAttributes = {
					443BF539226B032200AFE1C8 = {
						CreatedOnToolsVersion = 10.2;
					};
					443BF54D226B032400AFE1C8 = {
						CreatedOnToolsVersion = 10.2;
						TestTargetID = 443BF539226B032200AFE1C8;
					};
				};
			};
			buildConfigurationList = 443BF535226B032200AFE1C8 /* Build configuration list for PBXProject "WeatherForecastApp" */;
			compatibilityVersion = "Xcode 9.3";
			developmentRegion = en;
			hasScannedForEncodings = 0;
			knownRegions = (
				en,
				Base,
			);
			mainGroup = 443BF531226B032200AFE1C8;
			productRefGroup = 443BF53B226B032200AFE1C8 /* Products */;
			projectDirPath = "";
			projectRoot = "";
			targets = (
				443BF539226B032200AFE1C8 /* WeatherForecastApp */,
				443BF54D226B032400AFE1C8 /* WeatherForecastAppTests */,
			);
		};
/* End PBXProject section */

/* Begin PBXResourcesBuildPhase section */
		443BF538226B032200AFE1C8 /* Resources */ = {
			isa = PBXResourcesBuildPhase;
			buildActionMask = 2147483647;
			files = (
				443BF548226B032300AFE1C8 /* LaunchScreen.storyboard in Resources */,
				443BF545226B032300AFE1C8 /* Assets.xcassets in Resources */,
				443BF543226B032200AFE1C8 /* Main.storyboard in Resources */,
			);
			runOnlyForDeploymentPostprocessing = 0;
		};
		443BF54C226B032400AFE1C8 /* Resources */ = {
			isa = PBXResourcesBuildPhase;
			buildActionMask = 2147483647;
			files = (
			);
			runOnlyForDeploymentPostprocessing = 0;
		};
/* End PBXResourcesBuildPhase section */

/* Begin PBXSourcesBuildPhase section */
		443BF536226B032200AFE1C8 /* Sources */ = {
			isa = PBXSourcesBuildPhase;
			buildActionMask = 2147483647;
			files = (
				443BF59D226E0D2A00AFE1C8 /* DateConverter.swift in Sources */,
				443BF597226B070D00AFE1C8 /* Main.swift in Sources */,
				443BF53E226B032200AFE1C8 /* AppDelegate.swift in Sources */,
				443BF595226B070D00AFE1C8 /* List.swift in Sources */,
				443BF55E226B038F00AFE1C8 /* NameConstant.swift in Sources */,
				443BF593226B070D00AFE1C8 /* City.swift in Sources */,
				443BF596226B070D00AFE1C8 /* Weather.swift in Sources */,
				443BF598226B070D00AFE1C8 /* Coord.swift in Sources */,
				443BF560226B054000AFE1C8 /* HomeViewController.swift in Sources */,
				443BF59B226DD9C700AFE1C8 /* ForecastedResultTableViewCell.swift in Sources */,
				443BF591226B070D00AFE1C8 /* Wind.swift in Sources */,
				443BF594226B070D00AFE1C8 /* Json4Swift_Base.swift in Sources */,
				443BF592226B070D00AFE1C8 /* Clouds.swift in Sources */,
				443BF599226B070D00AFE1C8 /* Sys.swift in Sources */,
				443BF59F226E152700AFE1C8 /* DetailsViewController.swift in Sources */,
			);
			runOnlyForDeploymentPostprocessing = 0;
		};
		443BF54A226B032400AFE1C8 /* Sources */ = {
			isa = PBXSourcesBuildPhase;
			buildActionMask = 2147483647;
			files = (
				443BF553226B032400AFE1C8 /* WeatherForecastAppTests.swift in Sources */,
			);
			runOnlyForDeploymentPostprocessing = 0;
		};
/* End PBXSourcesBuildPhase section */

/* Begin PBXTargetDependency section */
		443BF550226B032400AFE1C8 /* PBXTargetDependency */ = {
			isa = PBXTargetDependency;
			target = 443BF539226B032200AFE1C8 /* WeatherForecastApp */;
			targetProxy = 443BF54F226B032400AFE1C8 /* PBXContainerItemProxy */;
		};
/* End PBXTargetDependency section */

/* Begin PBXVariantGroup section */
		443BF541226B032200AFE1C8 /* Main.storyboard */ = {
			isa = PBXVariantGroup;
			children = (
				443BF542226B032200AFE1C8 /* Base */,
			);
			name = Main.storyboard;
			sourceTree = "<group>";
		};
		443BF546226B032300AFE1C8 /* LaunchScreen.storyboard */ = {
			isa = PBXVariantGroup;
			children = (
				443BF547226B032300AFE1C8 /* Base */,
			);
			name = LaunchScreen.storyboard;
			sourceTree = "<group>";
		};
/* End PBXVariantGroup section */

/* Begin XCBuildConfiguration section */
		443BF555226B032400AFE1C8 /* Debug */ = {
			isa = XCBuildConfiguration;
			buildSettings = {
				ALWAYS_SEARCH_USER_PATHS = NO;
				CLANG_ANALYZER_NONNULL = YES;
				CLANG_ANALYZER_NUMBER_OBJECT_CONVERSION = YES_AGGRESSIVE;
				CLANG_CXX_LANGUAGE_STANDARD = "gnu++14";
				CLANG_CXX_LIBRARY = "libc++";
				CLANG_ENABLE_MODULES = YES;
				CLANG_ENABLE_OBJC_ARC = YES;
				CLANG_ENABLE_OBJC_WEAK = YES;
				CLANG_WARN_BLOCK_CAPTURE_AUTORELEASING = YES;
				CLANG_WARN_BOOL_CONVERSION = YES;
				CLANG_WARN_COMMA = YES;
				CLANG_WARN_CONSTANT_CONVERSION = YES;
				CLANG_WARN_DEPRECATED_OBJC_IMPLEMENTATIONS = YES;
				CLANG_WARN_DIRECT_OBJC_ISA_USAGE = YES_ERROR;
				CLANG_WARN_DOCUMENTATION_COMMENTS = YES;
				CLANG_WARN_EMPTY_BODY = YES;
				CLANG_WARN_ENUM_CONVERSION = YES;
				CLANG_WARN_INFINITE_RECURSION = YES;
				CLANG_WARN_INT_CONVERSION = YES;
				CLANG_WARN_NON_LITERAL_NULL_CONVERSION = YES;
				CLANG_WARN_OBJC_IMPLICIT_RETAIN_SELF = YES;
				CLANG_WARN_OBJC_LITERAL_CONVERSION = YES;
				CLANG_WARN_OBJC_ROOT_CLASS = YES_ERROR;
				CLANG_WARN_RANGE_LOOP_ANALYSIS = YES;
				CLANG_WARN_STRICT_PROTOTYPES = YES;
				CLANG_WARN_SUSPICIOUS_MOVE = YES;
				CLANG_WARN_UNGUARDED_AVAILABILITY = YES_AGGRESSIVE;
				CLANG_WARN_UNREACHABLE_CODE = YES;
				CLANG_WARN__DUPLICATE_METHOD_MATCH = YES;
				CODE_SIGN_IDENTITY = "iPhone Developer";
				COPY_PHASE_STRIP = NO;
				DEBUG_INFORMATION_FORMAT = dwarf;
				ENABLE_STRICT_OBJC_MSGSEND = YES;
				ENABLE_TESTABILITY = YES;
				GCC_C_LANGUAGE_STANDARD = gnu11;
				GCC_DYNAMIC_NO_PIC = NO;
				GCC_NO_COMMON_BLOCKS = YES;
				GCC_OPTIMIZATION_LEVEL = 0;
				GCC_PREPROCESSOR_DEFINITIONS = (
					"DEBUG=1",
					"$(inherited)",
				);
				GCC_WARN_64_TO_32_BIT_CONVERSION = YES;
				GCC_WARN_ABOUT_RETURN_TYPE = YES_ERROR;
				GCC_WARN_UNDECLARED_SELECTOR = YES;
				GCC_WARN_UNINITIALIZED_AUTOS = YES_AGGRESSIVE;
				GCC_WARN_UNUSED_FUNCTION = YES;
				GCC_WARN_UNUSED_VARIABLE = YES;
				IPHONEOS_DEPLOYMENT_TARGET = 12.2;
				MTL_ENABLE_DEBUG_INFO = INCLUDE_SOURCE;
				MTL_FAST_MATH = YES;
				ONLY_ACTIVE_ARCH = YES;
				SDKROOT = iphoneos;
				SWIFT_ACTIVE_COMPILATION_CONDITIONS = DEBUG;
				SWIFT_OPTIMIZATION_LEVEL = "-Onone";
			};
			name = Debug;
		};
		443BF556226B032400AFE1C8 /* Release */ = {
			isa = XCBuildConfiguration;
			buildSettings = {
				ALWAYS_SEARCH_USER_PATHS = NO;
				CLANG_ANALYZER_NONNULL = YES;
				CLANG_ANALYZER_NUMBER_OBJECT_CONVERSION = YES_AGGRESSIVE;
				CLANG_CXX_LANGUAGE_STANDARD = "gnu++14";
				CLANG_CXX_LIBRARY = "libc++";
				CLANG_ENABLE_MODULES = YES;
				CLANG_ENABLE_OBJC_ARC = YES;
				CLANG_ENABLE_OBJC_WEAK = YES;
				CLANG_WARN_BLOCK_CAPTURE_AUTORELEASING = YES;
				CLANG_WARN_BOOL_CONVERSION = YES;
				CLANG_WARN_COMMA = YES;
				CLANG_WARN_CONSTANT_CONVERSION = YES;
				CLANG_WARN_DEPRECATED_OBJC_IMPLEMENTATIONS = YES;
				CLANG_WARN_DIRECT_OBJC_ISA_USAGE = YES_ERROR;
				CLANG_WARN_DOCUMENTATION_COMMENTS = YES;
				CLANG_WARN_EMPTY_BODY = YES;
				CLANG_WARN_ENUM_CONVERSION = YES;
				CLANG_WARN_INFINITE_RECURSION = YES;
				CLANG_WARN_INT_CONVERSION = YES;
				CLANG_WARN_NON_LITERAL_NULL_CONVERSION = YES;
				CLANG_WARN_OBJC_IMPLICIT_RETAIN_SELF = YES;
				CLANG_WARN_OBJC_LITERAL_CONVERSION = YES;
				CLANG_WARN_OBJC_ROOT_CLASS = YES_ERROR;
				CLANG_WARN_RANGE_LOOP_ANALYSIS = YES;
				CLANG_WARN_STRICT_PROTOTYPES = YES;
				CLANG_WARN_SUSPICIOUS_MOVE = YES;
				CLANG_WARN_UNGUARDED_AVAILABILITY = YES_AGGRESSIVE;
				CLANG_WARN_UNREACHABLE_CODE = YES;
				CLANG_WARN__DUPLICATE_METHOD_MATCH = YES;
				CODE_SIGN_IDENTITY = "iPhone Developer";
				COPY_PHASE_STRIP = NO;
				DEBUG_INFORMATION_FORMAT = "dwarf-with-dsym";
				ENABLE_NS_ASSERTIONS = NO;
				ENABLE_STRICT_OBJC_MSGSEND = YES;
				GCC_C_LANGUAGE_STANDARD = gnu11;
				GCC_NO_COMMON_BLOCKS = YES;
				GCC_WARN_64_TO_32_BIT_CONVERSION = YES;
				GCC_WARN_ABOUT_RETURN_TYPE = YES_ERROR;
				GCC_WARN_UNDECLARED_SELECTOR = YES;
				GCC_WARN_UNINITIALIZED_AUTOS = YES_AGGRESSIVE;
				GCC_WARN_UNUSED_FUNCTION = YES;
				GCC_WARN_UNUSED_VARIABLE = YES;
				IPHONEOS_DEPLOYMENT_TARGET = 12.2;
				MTL_ENABLE_DEBUG_INFO = NO;
				MTL_FAST_MATH = YES;
				SDKROOT = iphoneos;
				SWIFT_COMPILATION_MODE = wholemodule;
				SWIFT_OPTIMIZATION_LEVEL = "-O";
				VALIDATE_PRODUCT = YES;
			};
			name = Release;
		};
		443BF558226B032400AFE1C8 /* Debug */ = {
			isa = XCBuildConfiguration;
			buildSettings = {
				ASSETCATALOG_COMPILER_APPICON_NAME = AppIcon;
				CODE_SIGN_STYLE = Automatic;
				DEVELOPMENT_TEAM = QQHVHMVA9Q;
				INFOPLIST_FILE = WeatherForecastApp/Info.plist;
				LD_RUNPATH_SEARCH_PATHS = (
					"$(inherited)",
					"@executable_path/Frameworks",
				);
				PRODUCT_BUNDLE_IDENTIFIER = com.JW.WeatherForecastApp;
				PRODUCT_NAME = "$(TARGET_NAME)";
				SWIFT_VERSION = 5.0;
				TARGETED_DEVICE_FAMILY = "1,2";
			};
			name = Debug;
		};
		443BF559226B032400AFE1C8 /* Release */ = {
			isa = XCBuildConfiguration;
			buildSettings = {
				ASSETCATALOG_COMPILER_APPICON_NAME = AppIcon;
				CODE_SIGN_STYLE = Automatic;
				DEVELOPMENT_TEAM = QQHVHMVA9Q;
				INFOPLIST_FILE = WeatherForecastApp/Info.plist;
				LD_RUNPATH_SEARCH_PATHS = (
					"$(inherited)",
					"@executable_path/Frameworks",
				);
				PRODUCT_BUNDLE_IDENTIFIER = com.JW.WeatherForecastApp;
				PRODUCT_NAME = "$(TARGET_NAME)";
				SWIFT_VERSION = 5.0;
				TARGETED_DEVICE_FAMILY = "1,2";
			};
			name = Release;
		};
		443BF55B226B032400AFE1C8 /* Debug */ = {
			isa = XCBuildConfiguration;
			buildSettings = {
				ALWAYS_EMBED_SWIFT_STANDARD_LIBRARIES = YES;
				BUNDLE_LOADER = "$(TEST_HOST)";
				CODE_SIGN_STYLE = Automatic;
				DEVELOPMENT_TEAM = QQHVHMVA9Q;
				INFOPLIST_FILE = WeatherForecastAppTests/Info.plist;
				LD_RUNPATH_SEARCH_PATHS = (
					"$(inherited)",
					"@executable_path/Frameworks",
					"@loader_path/Frameworks",
				);
				PRODUCT_BUNDLE_IDENTIFIER = com.JW.WeatherForecastAppTests;
				PRODUCT_NAME = "$(TARGET_NAME)";
				SWIFT_VERSION = 5.0;
				TARGETED_DEVICE_FAMILY = "1,2";
				TEST_HOST = "$(BUILT_PRODUCTS_DIR)/WeatherForecastApp.app/WeatherForecastApp";
			};
			name = Debug;
		};
		443BF55C226B032400AFE1C8 /* Release */ = {
			isa = XCBuildConfiguration;
			buildSettings = {
				ALWAYS_EMBED_SWIFT_STANDARD_LIBRARIES = YES;
				BUNDLE_LOADER = "$(TEST_HOST)";
				CODE_SIGN_STYLE = Automatic;
				DEVELOPMENT_TEAM = QQHVHMVA9Q;
				INFOPLIST_FILE = WeatherForecastAppTests/Info.plist;
				LD_RUNPATH_SEARCH_PATHS = (
					"$(inherited)",
					"@executable_path/Frameworks",
					"@loader_path/Frameworks",
				);
				PRODUCT_BUNDLE_IDENTIFIER = com.JW.WeatherForecastAppTests;
				PRODUCT_NAME = "$(TARGET_NAME)";
				SWIFT_VERSION = 5.0;
				TARGETED_DEVICE_FAMILY = "1,2";
				TEST_HOST = "$(BUILT_PRODUCTS_DIR)/WeatherForecastApp.app/WeatherForecastApp";
			};
			name = Release;
		};
/* End XCBuildConfiguration section */

/* Begin XCConfigurationList section */
		443BF535226B032200AFE1C8 /* Build configuration list for PBXProject "WeatherForecastApp" */ = {
			isa = XCConfigurationList;
			buildConfigurations = (
				443BF555226B032400AFE1C8 /* Debug */,
				443BF556226B032400AFE1C8 /* Release */,
			);
			defaultConfigurationIsVisible = 0;
			defaultConfigurationName = Release;
		};
		443BF557226B032400AFE1C8 /* Build configuration list for PBXNativeTarget "WeatherForecastApp" */ = {
			isa = XCConfigurationList;
			buildConfigurations = (
				443BF558226B032400AFE1C8 /* Debug */,
				443BF559226B032400AFE1C8 /* Release */,
			);
			defaultConfigurationIsVisible = 0;
			defaultConfigurationName = Release;
		};
		443BF55A226B032400AFE1C8 /* Build configuration list for PBXNativeTarget "WeatherForecastAppTests" */ = {
			isa = XCConfigurationList;
			buildConfigurations = (
				443BF55B226B032400AFE1C8 /* Debug */,
				443BF55C226B032400AFE1C8 /* Release */,
			);
			defaultConfigurationIsVisible = 0;
			defaultConfigurationName = Release;
		};
/* End XCConfigurationList section */
	};
	rootObject = 443BF532226B032200AFE1C8 /* Project object */;
}
